
Microsoft Visual Studio Solution File, Format Version 12.00
Project("{FAE04EC0-301F-11D3-BF4B-00C04F79EFBC}") = "AspellCLI", "AspellCLI\AspellCLI.csproj", "{B4CB48ED-4A59-43DE-9170-F406B53E4A38}"
EndProject
Project("{FAE04EC0-301F-11D3-BF4B-00C04F79EFBC}") = "Logic", "Logic\Logic.csproj", "{9E7C20D3-AF38-4175-A703-63B789AA5A6D}"
EndProject
Project("{FAE04EC0-301F-11D3-BF4B-00C04F79EFBC}") = "Models", "Models\Models.csproj", "{77F8D5A6-0FEC-4755-934F-F67A16970CA8}"
EndProject
Project("{FAE04EC0-301F-11D3-BF4B-00C04F79EFBC}") = "Infrastructure", "Infrastructure\Infrastructure.csproj", "{9E4AFC49-11B0-47AD-967D-576B762DD3E9}"
EndProject
Project("{FAE04EC0-301F-11D3-BF4B-00C04F79EFBC}") = "UnitTests", "UnitTests\UnitTests.csproj", "{44E9F3EA-2987-479A-A796-251B52845EAD}"
EndProject
Global
	GlobalSection(SolutionConfigurationPlatforms) = preSolution
		Debug|Any CPU = Debug|Any CPU
		Release|Any CPU = Release|Any CPU
	EndGlobalSection
	GlobalSection(ProjectConfigurationPlatforms) = postSolution
		{B4CB48ED-4A59-43DE-9170-F406B53E4A38}.Debug|Any CPU.ActiveCfg = Debug|Any CPU
		{B4CB48ED-4A59-43DE-9170-F406B53E4A38}.Debug|Any CPU.Build.0 = Debug|Any CPU
		{B4CB48ED-4A59-43DE-9170-F406B53E4A38}.Release|Any CPU.ActiveCfg = Release|Any CPU
		{B4CB48ED-4A59-43DE-9170-F406B53E4A38}.Release|Any CPU.Build.0 = Release|Any CPU
		{9E7C20D3-AF38-4175-A703-63B789AA5A6D}.Debug|Any CPU.ActiveCfg = Debug|Any CPU
		{9E7C20D3-AF38-4175-A703-63B789AA5A6D}.Debug|Any CPU.Build.0 = Debug|Any CPU
		{9E7C20D3-AF38-4175-A703-63B789AA5A6D}.Release|Any CPU.ActiveCfg = Release|Any CPU
		{9E7C20D3-AF38-4175-A703-63B789AA5A6D}.Release|Any CPU.Build.0 = Release|Any CPU
		{77F8D5A6-0FEC-4755-934F-F67A16970CA8}.Debug|Any CPU.ActiveCfg = Debug|Any CPU
		{77F8D5A6-0FEC-4755-934F-F67A16970CA8}.Debug|Any CPU.Build.0 = Debug|Any CPU
		{77F8D5A6-0FEC-4755-934F-F67A16970CA8}.Release|Any CPU.ActiveCfg = Release|Any CPU
		{77F8D5A6-0FEC-4755-934F-F67A16970CA8}.Release|Any CPU.Build.0 = Release|Any CPU
		{9E4AFC49-11B0-47AD-967D-576B762DD3E9}.Debug|Any CPU.ActiveCfg = Debug|Any CPU
		{9E4AFC49-11B0-47AD-967D-576B762DD3E9}.Debug|Any CPU.Build.0 = Debug|Any CPU
		{9E4AFC49-11B0-47AD-967D-576B762DD3E9}.Release|Any CPU.ActiveCfg = Release|Any CPU
		{9E4AFC49-11B0-47AD-967D-576B762DD3E9}.Release|Any CPU.Build.0 = Release|Any CPU
		{44E9F3EA-2987-479A-A796-251B52845EAD}.Debug|Any CPU.ActiveCfg = Debug|Any CPU
		{44E9F3EA-2987-479A-A796-251B52845EAD}.Debug|Any CPU.Build.0 = Debug|Any CPU
		{44E9F3EA-2987-479A-A796-251B52845EAD}.Release|Any CPU.ActiveCfg = Release|Any CPU
		{44E9F3EA-2987-479A-A796-251B52845EAD}.Release|Any CPU.Build.0 = Release|Any CPU
	EndGlobalSection
EndGlobal
